
Microsoft Visual Studio Solution File, Format Version 12.00
# Visual Studio 14
VisualStudioVersion = 14.0.25420.1
MinimumVisualStudioVersion = 10.0.40219.1
Project("{8BC9CEB8-8B4A-11D0-8D11-00A0C91BC942}") = "UML_And_DesignPattern", "UML_And_DesignPattern\UML_And_DesignPattern.vcxproj", "{FD896D24-E8A3-4AE8-9A57-0A2774C569D3}"
EndProject
Project("{8BC9CEB8-8B4A-11D0-8D11-00A0C91BC942}") = "Operating_System_Test", "Operating_System_Test\Operating_System_Test.vcxproj", "{16E692B3-AF52-4542-9C06-531B3E94DE37}"
EndProject
Project("{8BC9CEB8-8B4A-11D0-8D11-00A0C91BC942}") = "Sword_OFFER", "Sword_OFFER\Sword_OFFER.vcxproj", "{68ECCA4A-DA72-43BB-A1CA-0913AE96DDEB}"
EndProject
Global
	GlobalSection(SolutionConfigurationPlatforms) = preSolution
		Debug|x64 = Debug|x64
		Debug|x86 = Debug|x86
		Release|x64 = Release|x64
		Release|x86 = Release|x86
	EndGlobalSection
	GlobalSection(ProjectConfigurationPlatforms) = postSolution
		{FD896D24-E8A3-4AE8-9A57-0A2774C569D3}.Debug|x64.ActiveCfg = Debug|x64
		{FD896D24-E8A3-4AE8-9A57-0A2774C569D3}.Debug|x64.Build.0 = Debug|x64
		{FD896D24-E8A3-4AE8-9A57-0A2774C569D3}.Debug|x86.ActiveCfg = Debug|Win32
		{FD896D24-E8A3-4AE8-9A57-0A2774C569D3}.Debug|x86.Build.0 = Debug|Win32
		{FD896D24-E8A3-4AE8-9A57-0A2774C569D3}.Release|x64.ActiveCfg = Release|x64
		{FD896D24-E8A3-4AE8-9A57-0A2774C569D3}.Release|x64.Build.0 = Release|x64
		{FD896D24-E8A3-4AE8-9A57-0A2774C569D3}.Release|x86.ActiveCfg = Release|Win32
		{FD896D24-E8A3-4AE8-9A57-0A2774C569D3}.Release|x86.Build.0 = Release|Win32
		{16E692B3-AF52-4542-9C06-531B3E94DE37}.Debug|x64.ActiveCfg = Debug|x64
		{16E692B3-AF52-4542-9C06-531B3E94DE37}.Debug|x64.Build.0 = Debug|x64
		{16E692B3-AF52-4542-9C06-531B3E94DE37}.Debug|x86.ActiveCfg = Debug|Win32
		{16E692B3-AF52-4542-9C06-531B3E94DE37}.Debug|x86.Build.0 = Debug|Win32
		{16E692B3-AF52-4542-9C06-531B3E94DE37}.Release|x64.ActiveCfg = Release|x64
		{16E692B3-AF52-4542-9C06-531B3E94DE37}.Release|x64.Build.0 = Release|x64
		{16E692B3-AF52-4542-9C06-531B3E94DE37}.Release|x86.ActiveCfg = Release|Win32
		{16E692B3-AF52-4542-9C06-531B3E94DE37}.Release|x86.Build.0 = Release|Win32
		{68ECCA4A-DA72-43BB-A1CA-0913AE96DDEB}.Debug|x64.ActiveCfg = Debug|x64
		{68ECCA4A-DA72-43BB-A1CA-0913AE96DDEB}.Debug|x64.Build.0 = Debug|x64
		{68ECCA4A-DA72-43BB-A1CA-0913AE96DDEB}.Debug|x86.ActiveCfg = Debug|Win32
		{68ECCA4A-DA72-43BB-A1CA-0913AE96DDEB}.Debug|x86.Build.0 = Debug|Win32
		{68ECCA4A-DA72-43BB-A1CA-0913AE96DDEB}.Release|x64.ActiveCfg = Release|x64
		{68ECCA4A-DA72-43BB-A1CA-0913AE96DDEB}.Release|x64.Build.0 = Release|x64
		{68ECCA4A-DA72-43BB-A1CA-0913AE96DDEB}.Release|x86.ActiveCfg = Release|Win32
		{68ECCA4A-DA72-43BB-A1CA-0913AE96DDEB}.Release|x86.Build.0 = Release|Win32
	EndGlobalSection
	GlobalSection(SolutionProperties) = preSolution
		HideSolutionNode = FALSE
	EndGlobalSection
EndGlobal
